# This file was autogenerated by Stack.
# You should not edit this file by hand.
# For more information, please see the documentation at:
#   https://docs.haskellstack.org/en/stable/lock_files

packages:
- completed:
    hackage: gps-1.2@sha256:4fe1bef6ffc95359c1875e961905d4be90c0d906c9c8b15578b52fe176491edf,1267
    pantry-tree:
      sha256: 2cd321b384de9ff1fa4e2c07df42c0906771a14caeb6cab4ae5c33068a5213fd
      size: 447
  original:
    hackage: gps-1.2@sha256:4fe1bef6ffc95359c1875e961905d4be90c0d906c9c8b15578b52fe176491edf,1267
snapshots:
- completed:
    sha256: c11fcbeb1aa12761044755b1109d16952ede2cb6147ebde777dd5cb38f784501
    size: 649333
    url: https://raw.githubusercontent.com/commercialhaskell/stackage-snapshots/master/lts/20/9.yaml
  original:
    url: https://raw.githubusercontent.com/commercialhaskell/stackage-snapshots/master/lts/20/9.yaml
